PODS:
  - EyeType (0.0.1):
    - OpenCV (~> 2.4.9.1)
  - OpenCV (2.4.9.1)

DEPENDENCIES:
  - EyeType (from `git://github.com/scvsoft/EyeType-iOS`, branch `Pod`)

EXTERNAL SOURCES:
  EyeType:
    :branch: Pod
    :git: git://github.com/scvsoft/EyeType-iOS

CHECKOUT OPTIONS:
  EyeType:
    :commit: c7d7827cb9490fcc498878174e80a1312f18cf99
    :git: git://github.com/scvsoft/EyeType-iOS

SPEC CHECKSUMS:
  EyeType: 423baaab62c948a8075a65f50136a5808f33119d
  OpenCV: 4190ad68e79e1b9ae7ac53d749e96e8c05041e45

COCOAPODS: 0.35.0
