// !$*UTF8*$!
{
	archiveVersion = 1;
	classes = {
	};
	objectVersion = 46;
	objects = {

/* Begin PBXBuildFile section */
		232CE5321A3A3D6100C94EE8 /* Account.swift in Sources */ = {isa = PBXBuildFile; fileRef = 232CE5311A3A3D6100C94EE8 /* Account.swift */; };
		232CE5341A3A3D9300C94EE8 /* TelegramAccount.swift in Sources */ = {isa = PBXBuildFile; fileRef = 232CE5331A3A3D9300C94EE8 /* TelegramAccount.swift */; };
		232CE5361A3A3DCF00C94EE8 /* Conversation.swift in Sources */ = {isa = PBXBuildFile; fileRef = 232CE5351A3A3DCF00C94EE8 /* Conversation.swift */; };
		232CE5381A3A3E4D00C94EE8 /* Message.swift in Sources */ = {isa = PBXBuildFile; fileRef = 232CE5371A3A3E4D00C94EE8 /* Message.swift */; };
		232CE53A1A3A3E9C00C94EE8 /* Contact.swift in Sources */ = {isa = PBXBuildFile; fileRef = 232CE5391A3A3E9C00C94EE8 /* Contact.swift */; };
		2333C0A21A51A0F900784BEA /* ChatViewModel.swift in Sources */ = {isa = PBXBuildFile; fileRef = 2333C0A11A51A0F900784BEA /* ChatViewModel.swift */; };
		236ACA281A44B8B2003D1F53 /* EyeControllable.swift in Sources */ = {isa = PBXBuildFile; fileRef = 88A759AB1A2F9D4D0005B04C /* EyeControllable.swift */; };
		23C120CE1A4340F8004D7B5E /* MockedData.swift in Sources */ = {isa = PBXBuildFile; fileRef = 23C120CD1A4340F8004D7B5E /* MockedData.swift */; };
		23FAF5451A52EDED00ADD423 /* ChatViewController.swift in Sources */ = {isa = PBXBuildFile; fileRef = 23FAF5441A52EDED00ADD423 /* ChatViewController.swift */; };
		5E9B341BA996967017148759 /* libPods.a in Frameworks */ = {isa = PBXBuildFile; fileRef = 9A49492BC4CA902EDA58BC35 /* libPods.a */; };
		8823D7AE1A30E3D200271406 /* ConversationViewController.swift in Sources */ = {isa = PBXBuildFile; fileRef = 8823D7AD1A30E3D200271406 /* ConversationViewController.swift */; };
		8823D7B11A30E8B500271406 /* UIViewController+EyeType.swift in Sources */ = {isa = PBXBuildFile; fileRef = 8823D7B01A30E8B500271406 /* UIViewController+EyeType.swift */; };
		8823D7B31A30F65E00271406 /* BaseMenuViewController.swift in Sources */ = {isa = PBXBuildFile; fileRef = 8823D7B21A30F65E00271406 /* BaseMenuViewController.swift */; };
		8856809F1A374B2D005F2BB0 /* fixedMenus.plist in Resources */ = {isa = PBXBuildFile; fileRef = 8856809E1A374B2D005F2BB0 /* fixedMenus.plist */; };
		885680A21A374BB8005F2BB0 /* FixedMenuViewController.swift in Sources */ = {isa = PBXBuildFile; fileRef = 885680A11A374BB8005F2BB0 /* FixedMenuViewController.swift */; };
		885680A51A376E47005F2BB0 /* SwiftBridge.m in Sources */ = {isa = PBXBuildFile; fileRef = 885680A41A376E47005F2BB0 /* SwiftBridge.m */; };
		885680A71A378E55005F2BB0 /* ConversationViewController+Commands.swift in Sources */ = {isa = PBXBuildFile; fileRef = 885680A61A378E55005F2BB0 /* ConversationViewController+Commands.swift */; };
		885D57611A25062D00912290 /* Podfile in Resources */ = {isa = PBXBuildFile; fileRef = 885D57601A25062D00912290 /* Podfile */; };
		885D576A1A2513FF00912290 /* CoreLocation.framework in Frameworks */ = {isa = PBXBuildFile; fileRef = 885D57691A2513FF00912290 /* CoreLocation.framework */; };
		885D57701A25159000912290 /* SystemConfiguration.framework in Frameworks */ = {isa = PBXBuildFile; fileRef = 885D576F1A25159000912290 /* SystemConfiguration.framework */; };
		887A2CC51A0BDB4500094E3C /* AppDelegate.swift in Sources */ = {isa = PBXBuildFile; fileRef = 887A2CC41A0BDB4500094E3C /* AppDelegate.swift */; };
		887A2CC81A0BDB4500094E3C /* EyeTypeChat.xcdatamodeld in Sources */ = {isa = PBXBuildFile; fileRef = 887A2CC61A0BDB4500094E3C /* EyeTypeChat.xcdatamodeld */; };
		887A2CCA1A0BDB4500094E3C /* MainViewController.swift in Sources */ = {isa = PBXBuildFile; fileRef = 887A2CC91A0BDB4500094E3C /* MainViewController.swift */; };
		887A2CCD1A0BDB4500094E3C /* Main.storyboard in Resources */ = {isa = PBXBuildFile; fileRef = 887A2CCB1A0BDB4500094E3C /* Main.storyboard */; };
		887A2CCF1A0BDB4500094E3C /* Images.xcassets in Resources */ = {isa = PBXBuildFile; fileRef = 887A2CCE1A0BDB4500094E3C /* Images.xcassets */; };
		887A2CD21A0BDB4500094E3C /* LaunchScreen.xib in Resources */ = {isa = PBXBuildFile; fileRef = 887A2CD01A0BDB4500094E3C /* LaunchScreen.xib */; };
		887A2CDE1A0BDB4500094E3C /* EyeTypeChatTests.swift in Sources */ = {isa = PBXBuildFile; fileRef = 887A2CDD1A0BDB4500094E3C /* EyeTypeChatTests.swift */; };
		88A759A11A2F7B070005B04C /* MainViewModel.swift in Sources */ = {isa = PBXBuildFile; fileRef = 88A759A01A2F7B070005B04C /* MainViewModel.swift */; };
		88A759B11A2F9FC10005B04C /* KeyboardViewController.swift in Sources */ = {isa = PBXBuildFile; fileRef = 88A759B01A2F9FC10005B04C /* KeyboardViewController.swift */; };
		88BC6E7D1A12A6F600D3A54E /* CoreGraphics.framework in Frameworks */ = {isa = PBXBuildFile; fileRef = 88BC6E7C1A12A6F600D3A54E /* CoreGraphics.framework */; };
		88BC6E801A12A78C00D3A54E /* MediaPlayer.framework in Frameworks */ = {isa = PBXBuildFile; fileRef = 88BC6E7F1A12A78C00D3A54E /* MediaPlayer.framework */; };
		88BC6E821A12A7AC00D3A54E /* MobileCoreServices.framework in Frameworks */ = {isa = PBXBuildFile; fileRef = 88BC6E811A12A7AC00D3A54E /* MobileCoreServices.framework */; };
		88BC6E841A12A7D600D3A54E /* AssetsLibrary.framework in Frameworks */ = {isa = PBXBuildFile; fileRef = 88BC6E831A12A7D600D3A54E /* AssetsLibrary.framework */; };
		88BC6E861A12A7E200D3A54E /* MapKit.framework in Frameworks */ = {isa = PBXBuildFile; fileRef = 88BC6E851A12A7E200D3A54E /* MapKit.framework */; };
		88BC6E881A12A7E900D3A54E /* MessageUI.framework in Frameworks */ = {isa = PBXBuildFile; fileRef = 88BC6E871A12A7E900D3A54E /* MessageUI.framework */; };
		88BC6E8A1A12A83F00D3A54E /* ImageIO.framework in Frameworks */ = {isa = PBXBuildFile; fileRef = 88BC6E891A12A83F00D3A54E /* ImageIO.framework */; };
		88BC6E8E1A12AD3D00D3A54E /* libz.dylib in Frameworks */ = {isa = PBXBuildFile; fileRef = 88BC6E8D1A12AD3D00D3A54E /* libz.dylib */; };
		88BC6E901A12ADB300D3A54E /* libstdc++.6.dylib in Frameworks */ = {isa = PBXBuildFile; fileRef = 88BC6E8F1A12ADB300D3A54E /* libstdc++.6.dylib */; };
		88C5237A1A127F13005E0D71 /* libTelegraphKit.a in Frameworks */ = {isa = PBXBuildFile; fileRef = 88C523791A127EBC005E0D71 /* libTelegraphKit.a */; };
/* End PBXBuildFile section */

/* Begin PBXContainerItemProxy section */
		887A2CD81A0BDB4500094E3C /* PBXContainerItemProxy */ = {
			isa = PBXContainerItemProxy;
			containerPortal = 887A2CB71A0BDB4400094E3C /* Project object */;
			proxyType = 1;
			remoteGlobalIDString = 887A2CBE1A0BDB4500094E3C;
			remoteInfo = EyeTypeChat;
		};
		88C523781A127EBC005E0D71 /* PBXContainerItemProxy */ = {
			isa = PBXContainerItemProxy;
			containerPortal = 88C523741A127EBB005E0D71 /* TelegraphKit.xcodeproj */;
			proxyType = 2;
			remoteGlobalIDString = D07041EB15891C72008AA657;
			remoteInfo = TelegraphKit;
		};
/* End PBXContainerItemProxy section */

/* Begin PBXFileReference section */
		232CE5311A3A3D6100C94EE8 /* Account.swift */ = {isa = PBXFileReference; fileEncoding = 4; lastKnownFileType = sourcecode.swift; name = Account.swift; path = model/Account.swift; sourceTree = "<group>"; };
		232CE5331A3A3D9300C94EE8 /* TelegramAccount.swift */ = {isa = PBXFileReference; fileEncoding = 4; lastKnownFileType = sourcecode.swift; name = TelegramAccount.swift; path = model/TelegramAccount.swift; sourceTree = "<group>"; };
		232CE5351A3A3DCF00C94EE8 /* Conversation.swift */ = {isa = PBXFileReference; fileEncoding = 4; lastKnownFileType = sourcecode.swift; name = Conversation.swift; path = model/Conversation.swift; sourceTree = "<group>"; };
		232CE5371A3A3E4D00C94EE8 /* Message.swift */ = {isa = PBXFileReference; fileEncoding = 4; lastKnownFileType = sourcecode.swift; name = Message.swift; path = model/Message.swift; sourceTree = "<group>"; };
		232CE5391A3A3E9C00C94EE8 /* Contact.swift */ = {isa = PBXFileReference; fileEncoding = 4; lastKnownFileType = sourcecode.swift; name = Contact.swift; path = model/Contact.swift; sourceTree = "<group>"; };
		2333C0A11A51A0F900784BEA /* ChatViewModel.swift */ = {isa = PBXFileReference; fileEncoding = 4; lastKnownFileType = sourcecode.swift; path = ChatViewModel.swift; sourceTree = "<group>"; };
		23C120CD1A4340F8004D7B5E /* MockedData.swift */ = {isa = PBXFileReference; fileEncoding = 4; lastKnownFileType = sourcecode.swift; path = MockedData.swift; sourceTree = "<group>"; };
		23FAF5441A52EDED00ADD423 /* ChatViewController.swift */ = {isa = PBXFileReference; fileEncoding = 4; lastKnownFileType = sourcecode.swift; path = ChatViewController.swift; sourceTree = "<group>"; };
		8823D7AD1A30E3D200271406 /* ConversationViewController.swift */ = {isa = PBXFileReference; fileEncoding = 4; lastKnownFileType = sourcecode.swift; path = ConversationViewController.swift; sourceTree = "<group>"; };
		8823D7B01A30E8B500271406 /* UIViewController+EyeType.swift */ = {isa = PBXFileReference; fileEncoding = 4; lastKnownFileType = sourcecode.swift; path = "UIViewController+EyeType.swift"; sourceTree = "<group>"; };
		8823D7B21A30F65E00271406 /* BaseMenuViewController.swift */ = {isa = PBXFileReference; fileEncoding = 4; lastKnownFileType = sourcecode.swift; path = BaseMenuViewController.swift; sourceTree = "<group>"; };
		883793181A278BDB00AA856D /* libstdc++.dylib */ = {isa = PBXFileReference; lastKnownFileType = "compiled.mach-o.dylib"; name = "libstdc++.dylib"; path = "usr/lib/libstdc++.dylib"; sourceTree = SDKROOT; };
		8856809E1A374B2D005F2BB0 /* fixedMenus.plist */ = {isa = PBXFileReference; fileEncoding = 4; lastKnownFileType = text.plist.xml; path = fixedMenus.plist; sourceTree = "<group>"; };
		885680A11A374BB8005F2BB0 /* FixedMenuViewController.swift */ = {isa = PBXFileReference; fileEncoding = 4; lastKnownFileType = sourcecode.swift; path = FixedMenuViewController.swift; sourceTree = "<group>"; };
		885680A31A376E1F005F2BB0 /* SwiftBridge.h */ = {isa = PBXFileReference; fileEncoding = 4; lastKnownFileType = sourcecode.c.h; path = SwiftBridge.h; sourceTree = "<group>"; };
		885680A41A376E47005F2BB0 /* SwiftBridge.m */ = {isa = PBXFileReference; fileEncoding = 4; lastKnownFileType = sourcecode.c.objc; path = SwiftBridge.m; sourceTree = "<group>"; };
		885680A61A378E55005F2BB0 /* ConversationViewController+Commands.swift */ = {isa = PBXFileReference; fileEncoding = 4; lastKnownFileType = sourcecode.swift; path = "ConversationViewController+Commands.swift"; sourceTree = "<group>"; };
		885ABDE41A13E1DD00552B16 /* MyPlayground.playground */ = {isa = PBXFileReference; lastKnownFileType = file.playground; path = MyPlayground.playground; sourceTree = "<group>"; };
		885D57601A25062D00912290 /* Podfile */ = {isa = PBXFileReference; fileEncoding = 4; lastKnownFileType = text; path = Podfile; sourceTree = SOURCE_ROOT; };
		885D57691A2513FF00912290 /* CoreLocation.framework */ = {isa = PBXFileReference; lastKnownFileType = wrapper.framework; name = CoreLocation.framework; path = System/Library/Frameworks/CoreLocation.framework; sourceTree = SDKROOT; };
		885D576F1A25159000912290 /* SystemConfiguration.framework */ = {isa = PBXFileReference; lastKnownFileType = wrapper.framework; name = SystemConfiguration.framework; path = System/Library/Frameworks/SystemConfiguration.framework; sourceTree = SDKROOT; };
		885D57741A25192D00912290 /* OpenGLES.framework */ = {isa = PBXFileReference; lastKnownFileType = wrapper.framework; name = OpenGLES.framework; path = System/Library/Frameworks/OpenGLES.framework; sourceTree = SDKROOT; };
		885D57771A25194A00912290 /* GLKit.framework */ = {isa = PBXFileReference; lastKnownFileType = wrapper.framework; name = GLKit.framework; path = System/Library/Frameworks/GLKit.framework; sourceTree = SDKROOT; };
		887A2CBF1A0BDB4500094E3C /* EyeTypeChat.app */ = {isa = PBXFileReference; explicitFileType = wrapper.application; includeInIndex = 0; path = EyeTypeChat.app; sourceTree = BUILT_PRODUCTS_DIR; };
		887A2CC31A0BDB4500094E3C /* Info.plist */ = {isa = PBXFileReference; lastKnownFileType = text.plist.xml; path = Info.plist; sourceTree = "<group>"; };
		887A2CC41A0BDB4500094E3C /* AppDelegate.swift */ = {isa = PBXFileReference; lastKnownFileType = sourcecode.swift; path = AppDelegate.swift; sourceTree = "<group>"; };
		887A2CC71A0BDB4500094E3C /* EyeTypeChat.xcdatamodel */ = {isa = PBXFileReference; lastKnownFileType = wrapper.xcdatamodel; path = EyeTypeChat.xcdatamodel; sourceTree = "<group>"; };
		887A2CC91A0BDB4500094E3C /* MainViewController.swift */ = {isa = PBXFileReference; lastKnownFileType = sourcecode.swift; path = MainViewController.swift; sourceTree = "<group>"; };
		887A2CCC1A0BDB4500094E3C /* Base */ = {isa = PBXFileReference; lastKnownFileType = file.storyboard; name = Base; path = Base.lproj/Main.storyboard; sourceTree = "<group>"; };
		887A2CCE1A0BDB4500094E3C /* Images.xcassets */ = {isa = PBXFileReference; lastKnownFileType = folder.assetcatalog; path = Images.xcassets; sourceTree = "<group>"; };
		887A2CD11A0BDB4500094E3C /* Base */ = {isa = PBXFileReference; lastKnownFileType = file.xib; name = Base; path = Base.lproj/LaunchScreen.xib; sourceTree = "<group>"; };
		887A2CD71A0BDB4500094E3C /* EyeTypeChatTests.xctest */ = {isa = PBXFileReference; explicitFileType = wrapper.cfbundle; includeInIndex = 0; path = EyeTypeChatTests.xctest; sourceTree = BUILT_PRODUCTS_DIR; };
		887A2CDC1A0BDB4500094E3C /* Info.plist */ = {isa = PBXFileReference; lastKnownFileType = text.plist.xml; path = Info.plist; sourceTree = "<group>"; };
		887A2CDD1A0BDB4500094E3C /* EyeTypeChatTests.swift */ = {isa = PBXFileReference; lastKnownFileType = sourcecode.swift; path = EyeTypeChatTests.swift; sourceTree = "<group>"; };
		88A759A01A2F7B070005B04C /* MainViewModel.swift */ = {isa = PBXFileReference; fileEncoding = 4; lastKnownFileType = sourcecode.swift; path = MainViewModel.swift; sourceTree = "<group>"; };
		88A759AB1A2F9D4D0005B04C /* EyeControllable.swift */ = {isa = PBXFileReference; fileEncoding = 4; lastKnownFileType = sourcecode.swift; path = EyeControllable.swift; sourceTree = "<group>"; };
		88A759B01A2F9FC10005B04C /* KeyboardViewController.swift */ = {isa = PBXFileReference; fileEncoding = 4; lastKnownFileType = sourcecode.swift; path = KeyboardViewController.swift; sourceTree = "<group>"; };
		88BC6E7C1A12A6F600D3A54E /* CoreGraphics.framework */ = {isa = PBXFileReference; lastKnownFileType = wrapper.framework; name = CoreGraphics.framework; path = System/Library/Frameworks/CoreGraphics.framework; sourceTree = SDKROOT; };
		88BC6E7F1A12A78C00D3A54E /* MediaPlayer.framework */ = {isa = PBXFileReference; lastKnownFileType = wrapper.framework; name = MediaPlayer.framework; path = System/Library/Frameworks/MediaPlayer.framework; sourceTree = SDKROOT; };
		88BC6E811A12A7AC00D3A54E /* MobileCoreServices.framework */ = {isa = PBXFileReference; lastKnownFileType = wrapper.framework; name = MobileCoreServices.framework; path = System/Library/Frameworks/MobileCoreServices.framework; sourceTree = SDKROOT; };
		88BC6E831A12A7D600D3A54E /* AssetsLibrary.framework */ = {isa = PBXFileReference; lastKnownFileType = wrapper.framework; name = AssetsLibrary.framework; path = System/Library/Frameworks/AssetsLibrary.framework; sourceTree = SDKROOT; };
		88BC6E851A12A7E200D3A54E /* MapKit.framework */ = {isa = PBXFileReference; lastKnownFileType = wrapper.framework; name = MapKit.framework; path = System/Library/Frameworks/MapKit.framework; sourceTree = SDKROOT; };
		88BC6E871A12A7E900D3A54E /* MessageUI.framework */ = {isa = PBXFileReference; lastKnownFileType = wrapper.framework; name = MessageUI.framework; path = System/Library/Frameworks/MessageUI.framework; sourceTree = SDKROOT; };
		88BC6E891A12A83F00D3A54E /* ImageIO.framework */ = {isa = PBXFileReference; lastKnownFileType = wrapper.framework; name = ImageIO.framework; path = System/Library/Frameworks/ImageIO.framework; sourceTree = SDKROOT; };
		88BC6E8D1A12AD3D00D3A54E /* libz.dylib */ = {isa = PBXFileReference; lastKnownFileType = "compiled.mach-o.dylib"; name = libz.dylib; path = usr/lib/libz.dylib; sourceTree = SDKROOT; };
		88BC6E8F1A12ADB300D3A54E /* libstdc++.6.dylib */ = {isa = PBXFileReference; lastKnownFileType = "compiled.mach-o.dylib"; name = "libstdc++.6.dylib"; path = "usr/lib/libstdc++.6.dylib"; sourceTree = SDKROOT; };
		88C523741A127EBB005E0D71 /* TelegraphKit.xcodeproj */ = {isa = PBXFileReference; lastKnownFileType = "wrapper.pb-project"; name = TelegraphKit.xcodeproj; path = TelegraphKit/TelegraphKit.xcodeproj; sourceTree = "<group>"; };
		88C5237B1A12933E005E0D71 /* EyeTypeChat-Bridging-Header.h */ = {isa = PBXFileReference; lastKnownFileType = sourcecode.c.h; path = "EyeTypeChat-Bridging-Header.h"; sourceTree = "<group>"; };
		9A49492BC4CA902EDA58BC35 /* libPods.a */ = {isa = PBXFileReference; explicitFileType = archive.ar; includeInIndex = 0; path = libPods.a; sourceTree = BUILT_PRODUCTS_DIR; };
		EB9850928605DEA320DC148E /* Pods.release.xcconfig */ = {isa = PBXFileReference; includeInIndex = 1; lastKnownFileType = text.xcconfig; name = Pods.release.xcconfig; path = "Pods/Target Support Files/Pods/Pods.release.xcconfig"; sourceTree = "<group>"; };
		EBBEC700B4B03A0A9AB3CD8F /* Pods.debug.xcconfig */ = {isa = PBXFileReference; includeInIndex = 1; lastKnownFileType = text.xcconfig; name = Pods.debug.xcconfig; path = "Pods/Target Support Files/Pods/Pods.debug.xcconfig"; sourceTree = "<group>"; };
/* End PBXFileReference section */

/* Begin PBXFrameworksBuildPhase section */
		887A2CBC1A0BDB4500094E3C /* Frameworks */ = {
			isa = PBXFrameworksBuildPhase;
			buildActionMask = 2147483647;
			files = (
				88C5237A1A127F13005E0D71 /* libTelegraphKit.a in Frameworks */,
				88BC6E841A12A7D600D3A54E /* AssetsLibrary.framework in Frameworks */,
				88BC6E7D1A12A6F600D3A54E /* CoreGraphics.framework in Frameworks */,
				88BC6E8A1A12A83F00D3A54E /* ImageIO.framework in Frameworks */,
				88BC6E901A12ADB300D3A54E /* libstdc++.6.dylib in Frameworks */,
				88BC6E8E1A12AD3D00D3A54E /* libz.dylib in Frameworks */,
				88BC6E861A12A7E200D3A54E /* MapKit.framework in Frameworks */,
				88BC6E801A12A78C00D3A54E /* MediaPlayer.framework in Frameworks */,
				88BC6E881A12A7E900D3A54E /* MessageUI.framework in Frameworks */,
				88BC6E821A12A7AC00D3A54E /* MobileCoreServices.framework in Frameworks */,
				5E9B341BA996967017148759 /* libPods.a in Frameworks */,
				885D576A1A2513FF00912290 /* CoreLocation.framework in Frameworks */,
				885D57701A25159000912290 /* SystemConfiguration.framework in Frameworks */,
			);
			runOnlyForDeploymentPostprocessing = 0;
		};
		887A2CD41A0BDB4500094E3C /* Frameworks */ = {
			isa = PBXFrameworksBuildPhase;
			buildActionMask = 2147483647;
			files = (
			);
			runOnlyForDeploymentPostprocessing = 0;
		};
/* End PBXFrameworksBuildPhase section */

/* Begin PBXGroup section */
		2333C0A01A51A0EC00784BEA /* View Model */ = {
			isa = PBXGroup;
			children = (
				2333C0A11A51A0F900784BEA /* ChatViewModel.swift */,
				88A759A01A2F7B070005B04C /* MainViewModel.swift */,
			);
			name = "View Model";
			sourceTree = "<group>";
		};
		236ACA291A44BEFB003D1F53 /* Controllers */ = {
			isa = PBXGroup;
			children = (
				887A2CC91A0BDB4500094E3C /* MainViewController.swift */,
				8823D7B21A30F65E00271406 /* BaseMenuViewController.swift */,
				885680A11A374BB8005F2BB0 /* FixedMenuViewController.swift */,
				885680A61A378E55005F2BB0 /* ConversationViewController+Commands.swift */,
				88A759B01A2F9FC10005B04C /* KeyboardViewController.swift */,
				8823D7AD1A30E3D200271406 /* ConversationViewController.swift */,
				8823D7B01A30E8B500271406 /* UIViewController+EyeType.swift */,
				23FAF5441A52EDED00ADD423 /* ChatViewController.swift */,
			);
			name = Controllers;
			sourceTree = "<group>";
		};
		23BA3E251A38EB1500C5AD4B /* Core Data Model */ = {
			isa = PBXGroup;
			children = (
				232CE5391A3A3E9C00C94EE8 /* Contact.swift */,
				232CE5371A3A3E4D00C94EE8 /* Message.swift */,
				232CE5351A3A3DCF00C94EE8 /* Conversation.swift */,
				232CE5331A3A3D9300C94EE8 /* TelegramAccount.swift */,
				232CE5311A3A3D6100C94EE8 /* Account.swift */,
			);
			name = "Core Data Model";
			sourceTree = "<group>";
		};
		887A2CB61A0BDB4400094E3C = {
			isa = PBXGroup;
			children = (
				887A2CC11A0BDB4500094E3C /* EyeTypeChat */,
				887A2CDA1A0BDB4500094E3C /* EyeTypeChatTests */,
				88C523731A127E95005E0D71 /* TelegraphKit */,
				88BC6E911A12B02000D3A54E /* Frameworks */,
				887A2CC01A0BDB4500094E3C /* Products */,
				E8B101119CF8F4EA3AC3FFAA /* Pods */,
			);
			sourceTree = "<group>";
		};
		887A2CC01A0BDB4500094E3C /* Products */ = {
			isa = PBXGroup;
			children = (
				887A2CBF1A0BDB4500094E3C /* EyeTypeChat.app */,
				887A2CD71A0BDB4500094E3C /* EyeTypeChatTests.xctest */,
			);
			name = Products;
			sourceTree = "<group>";
		};
		887A2CC11A0BDB4500094E3C /* EyeTypeChat */ = {
			isa = PBXGroup;
			children = (
				2333C0A01A51A0EC00784BEA /* View Model */,
				23BA3E251A38EB1500C5AD4B /* Core Data Model */,
				236ACA291A44BEFB003D1F53 /* Controllers */,
				887A2CC41A0BDB4500094E3C /* AppDelegate.swift */,
				23C120CD1A4340F8004D7B5E /* MockedData.swift */,
				88A759AB1A2F9D4D0005B04C /* EyeControllable.swift */,
				8856809E1A374B2D005F2BB0 /* fixedMenus.plist */,
				887A2CCB1A0BDB4500094E3C /* Main.storyboard */,
				887A2CCE1A0BDB4500094E3C /* Images.xcassets */,
				887A2CC61A0BDB4500094E3C /* EyeTypeChat.xcdatamodeld */,
				887A2CC21A0BDB4500094E3C /* Supporting Files */,
			);
			path = EyeTypeChat;
			sourceTree = "<group>";
		};
		887A2CC21A0BDB4500094E3C /* Supporting Files */ = {
			isa = PBXGroup;
			children = (
				885ABDE41A13E1DD00552B16 /* MyPlayground.playground */,
				887A2CD01A0BDB4500094E3C /* LaunchScreen.xib */,
				88C5237B1A12933E005E0D71 /* EyeTypeChat-Bridging-Header.h */,
				885680A31A376E1F005F2BB0 /* SwiftBridge.h */,
				885680A41A376E47005F2BB0 /* SwiftBridge.m */,
				887A2CC31A0BDB4500094E3C /* Info.plist */,
				885D57601A25062D00912290 /* Podfile */,
			);
			name = "Supporting Files";
			sourceTree = "<group>";
		};
		887A2CDA1A0BDB4500094E3C /* EyeTypeChatTests */ = {
			isa = PBXGroup;
			children = (
				887A2CDD1A0BDB4500094E3C /* EyeTypeChatTests.swift */,
				887A2CDB1A0BDB4500094E3C /* Supporting Files */,
			);
			path = EyeTypeChatTests;
			sourceTree = "<group>";
		};
		887A2CDB1A0BDB4500094E3C /* Supporting Files */ = {
			isa = PBXGroup;
			children = (
				887A2CDC1A0BDB4500094E3C /* Info.plist */,
			);
			name = "Supporting Files";
			sourceTree = "<group>";
		};
		88BC6E911A12B02000D3A54E /* Frameworks */ = {
			isa = PBXGroup;
			children = (
				883793181A278BDB00AA856D /* libstdc++.dylib */,
				885D57771A25194A00912290 /* GLKit.framework */,
				885D57741A25192D00912290 /* OpenGLES.framework */,
				885D576F1A25159000912290 /* SystemConfiguration.framework */,
				885D57691A2513FF00912290 /* CoreLocation.framework */,
				88BC6E831A12A7D600D3A54E /* AssetsLibrary.framework */,
				88BC6E7C1A12A6F600D3A54E /* CoreGraphics.framework */,
				88BC6E891A12A83F00D3A54E /* ImageIO.framework */,
				88BC6E8F1A12ADB300D3A54E /* libstdc++.6.dylib */,
				88BC6E8D1A12AD3D00D3A54E /* libz.dylib */,
				88BC6E851A12A7E200D3A54E /* MapKit.framework */,
				88BC6E7F1A12A78C00D3A54E /* MediaPlayer.framework */,
				88BC6E871A12A7E900D3A54E /* MessageUI.framework */,
				88BC6E811A12A7AC00D3A54E /* MobileCoreServices.framework */,
				9A49492BC4CA902EDA58BC35 /* libPods.a */,
			);
			name = Frameworks;
			sourceTree = "<group>";
		};
		88C523731A127E95005E0D71 /* TelegraphKit */ = {
			isa = PBXGroup;
			children = (
				88C523741A127EBB005E0D71 /* TelegraphKit.xcodeproj */,
			);
			name = TelegraphKit;
			sourceTree = "<group>";
		};
		88C523751A127EBB005E0D71 /* Products */ = {
			isa = PBXGroup;
			children = (
				88C523791A127EBC005E0D71 /* libTelegraphKit.a */,
			);
			name = Products;
			sourceTree = "<group>";
		};
		E8B101119CF8F4EA3AC3FFAA /* Pods */ = {
			isa = PBXGroup;
			children = (
				EBBEC700B4B03A0A9AB3CD8F /* Pods.debug.xcconfig */,
				EB9850928605DEA320DC148E /* Pods.release.xcconfig */,
			);
			name = Pods;
			sourceTree = "<group>";
		};
/* End PBXGroup section */

/* Begin PBXNativeTarget section */
		887A2CBE1A0BDB4500094E3C /* EyeTypeChat */ = {
			isa = PBXNativeTarget;
			buildConfigurationList = 887A2CE11A0BDB4500094E3C /* Build configuration list for PBXNativeTarget "EyeTypeChat" */;
			buildPhases = (
				B96C9B83561203529FF2C75B /* Check Pods Manifest.lock */,
				887A2CBB1A0BDB4500094E3C /* Sources */,
				887A2CBC1A0BDB4500094E3C /* Frameworks */,
				887A2CBD1A0BDB4500094E3C /* Resources */,
				F423A37464FE7F377AC5F586 /* Copy Pods Resources */,
			);
			buildRules = (
			);
			dependencies = (
			);
			name = EyeTypeChat;
			productName = EyeTypeChat;
			productReference = 887A2CBF1A0BDB4500094E3C /* EyeTypeChat.app */;
			productType = "com.apple.product-type.application";
		};
		887A2CD61A0BDB4500094E3C /* EyeTypeChatTests */ = {
			isa = PBXNativeTarget;
			buildConfigurationList = 887A2CE41A0BDB4500094E3C /* Build configuration list for PBXNativeTarget "EyeTypeChatTests" */;
			buildPhases = (
				887A2CD31A0BDB4500094E3C /* Sources */,
				887A2CD41A0BDB4500094E3C /* Frameworks */,
				887A2CD51A0BDB4500094E3C /* Resources */,
			);
			buildRules = (
			);
			dependencies = (
				887A2CD91A0BDB4500094E3C /* PBXTargetDependency */,
			);
			name = EyeTypeChatTests;
			productName = EyeTypeChatTests;
			productReference = 887A2CD71A0BDB4500094E3C /* EyeTypeChatTests.xctest */;
			productType = "com.apple.product-type.bundle.unit-test";
		};
/* End PBXNativeTarget section */

/* Begin PBXProject section */
		887A2CB71A0BDB4400094E3C /* Project object */ = {
			isa = PBXProject;
			attributes = {
				CLASSPREFIX = ETC;
				LastUpgradeCheck = 0610;
				ORGANIZATIONNAME = "SCV Soft";
				TargetAttributes = {
					887A2CBE1A0BDB4500094E3C = {
						CreatedOnToolsVersion = 6.1;
					};
					887A2CD61A0BDB4500094E3C = {
						CreatedOnToolsVersion = 6.1;
						TestTargetID = 887A2CBE1A0BDB4500094E3C;
					};
				};
			};
			buildConfigurationList = 887A2CBA1A0BDB4500094E3C /* Build configuration list for PBXProject "EyeTypeChat" */;
			compatibilityVersion = "Xcode 3.2";
			developmentRegion = English;
			hasScannedForEncodings = 0;
			knownRegions = (
				en,
				Base,
			);
			mainGroup = 887A2CB61A0BDB4400094E3C;
			productRefGroup = 887A2CC01A0BDB4500094E3C /* Products */;
			projectDirPath = "";
			projectReferences = (
				{
					ProductGroup = 88C523751A127EBB005E0D71 /* Products */;
					ProjectRef = 88C523741A127EBB005E0D71 /* TelegraphKit.xcodeproj */;
				},
			);
			projectRoot = "";
			targets = (
				887A2CBE1A0BDB4500094E3C /* EyeTypeChat */,
				887A2CD61A0BDB4500094E3C /* EyeTypeChatTests */,
			);
		};
/* End PBXProject section */

/* Begin PBXReferenceProxy section */
		88C523791A127EBC005E0D71 /* libTelegraphKit.a */ = {
			isa = PBXReferenceProxy;
			fileType = archive.ar;
			path = libTelegraphKit.a;
			remoteRef = 88C523781A127EBC005E0D71 /* PBXContainerItemProxy */;
			sourceTree = BUILT_PRODUCTS_DIR;
		};
/* End PBXReferenceProxy section */

/* Begin PBXResourcesBuildPhase section */
		887A2CBD1A0BDB4500094E3C /* Resources */ = {
			isa = PBXResourcesBuildPhase;
			buildActionMask = 2147483647;
			files = (
				8856809F1A374B2D005F2BB0 /* fixedMenus.plist in Resources */,
				887A2CCD1A0BDB4500094E3C /* Main.storyboard in Resources */,
				887A2CD21A0BDB4500094E3C /* LaunchScreen.xib in Resources */,
				885D57611A25062D00912290 /* Podfile in Resources */,
				887A2CCF1A0BDB4500094E3C /* Images.xcassets in Resources */,
			);
			runOnlyForDeploymentPostprocessing = 0;
		};
		887A2CD51A0BDB4500094E3C /* Resources */ = {
			isa = PBXResourcesBuildPhase;
			buildActionMask = 2147483647;
			files = (
			);
			runOnlyForDeploymentPostprocessing = 0;
		};
/* End PBXResourcesBuildPhase section */

/* Begin PBXShellScriptBuildPhase section */
		B96C9B83561203529FF2C75B /* Check Pods Manifest.lock */ = {
			isa = PBXShellScriptBuildPhase;
			buildActionMask = 2147483647;
			files = (
			);
			inputPaths = (
			);
			name = "Check Pods Manifest.lock";
			outputPaths = (
			);
			runOnlyForDeploymentPostprocessing = 0;
			shellPath = /bin/sh;
			shellScript = "diff \"${PODS_ROOT}/../Podfile.lock\" \"${PODS_ROOT}/Manifest.lock\" > /dev/null\nif [[ $? != 0 ]] ; then\n    cat << EOM\nerror: The sandbox is not in sync with the Podfile.lock. Run 'pod install' or update your CocoaPods installation.\nEOM\n    exit 1\nfi\n";
			showEnvVarsInLog = 0;
		};
		F423A37464FE7F377AC5F586 /* Copy Pods Resources */ = {
			isa = PBXShellScriptBuildPhase;
			buildActionMask = 2147483647;
			files = (
			);
			inputPaths = (
			);
			name = "Copy Pods Resources";
			outputPaths = (
			);
			runOnlyForDeploymentPostprocessing = 0;
			shellPath = /bin/sh;
			shellScript = "\"${SRCROOT}/Pods/Target Support Files/Pods/Pods-resources.sh\"\n";
			showEnvVarsInLog = 0;
		};
/* End PBXShellScriptBuildPhase section */

/* Begin PBXSourcesBuildPhase section */
		887A2CBB1A0BDB4500094E3C /* Sources */ = {
			isa = PBXSourcesBuildPhase;
			buildActionMask = 2147483647;
			files = (
				236ACA281A44B8B2003D1F53 /* EyeControllable.swift in Sources */,
				8823D7AE1A30E3D200271406 /* ConversationViewController.swift in Sources */,
				2333C0A21A51A0F900784BEA /* ChatViewModel.swift in Sources */,
				232CE5361A3A3DCF00C94EE8 /* Conversation.swift in Sources */,
				887A2CCA1A0BDB4500094E3C /* MainViewController.swift in Sources */,
				232CE53A1A3A3E9C00C94EE8 /* Contact.swift in Sources */,
				232CE5341A3A3D9300C94EE8 /* TelegramAccount.swift in Sources */,
				88A759B11A2F9FC10005B04C /* KeyboardViewController.swift in Sources */,
				887A2CC51A0BDB4500094E3C /* AppDelegate.swift in Sources */,
				887A2CC81A0BDB4500094E3C /* EyeTypeChat.xcdatamodeld in Sources */,
				88A759A11A2F7B070005B04C /* MainViewModel.swift in Sources */,
				8823D7B11A30E8B500271406 /* UIViewController+EyeType.swift in Sources */,
				885680A21A374BB8005F2BB0 /* FixedMenuViewController.swift in Sources */,
				885680A51A376E47005F2BB0 /* SwiftBridge.m in Sources */,
				885680A71A378E55005F2BB0 /* ConversationViewController+Commands.swift in Sources */,
				8823D7B31A30F65E00271406 /* BaseMenuViewController.swift in Sources */,
				23C120CE1A4340F8004D7B5E /* MockedData.swift in Sources */,
				232CE5381A3A3E4D00C94EE8 /* Message.swift in Sources */,
				23FAF5451A52EDED00ADD423 /* ChatViewController.swift in Sources */,
				232CE5321A3A3D6100C94EE8 /* Account.swift in Sources */,
			);
			runOnlyForDeploymentPostprocessing = 0;
		};
		887A2CD31A0BDB4500094E3C /* Sources */ = {
			isa = PBXSourcesBuildPhase;
			buildActionMask = 2147483647;
			files = (
				887A2CDE1A0BDB4500094E3C /* EyeTypeChatTests.swift in Sources */,
			);
			runOnlyForDeploymentPostprocessing = 0;
		};
/* End PBXSourcesBuildPhase section */

/* Begin PBXTargetDependency section */
		887A2CD91A0BDB4500094E3C /* PBXTargetDependency */ = {
			isa = PBXTargetDependency;
			target = 887A2CBE1A0BDB4500094E3C /* EyeTypeChat */;
			targetProxy = 887A2CD81A0BDB4500094E3C /* PBXContainerItemProxy */;
		};
/* End PBXTargetDependency section */

/* Begin PBXVariantGroup section */
		887A2CCB1A0BDB4500094E3C /* Main.storyboard */ = {
			isa = PBXVariantGroup;
			children = (
				887A2CCC1A0BDB4500094E3C /* Base */,
			);
			name = Main.storyboard;
			sourceTree = "<group>";
		};
		887A2CD01A0BDB4500094E3C /* LaunchScreen.xib */ = {
			isa = PBXVariantGroup;
			children = (
				887A2CD11A0BDB4500094E3C /* Base */,
			);
			name = LaunchScreen.xib;
			sourceTree = "<group>";
		};
/* End PBXVariantGroup section */

/* Begin XCBuildConfiguration section */
		887A2CDF1A0BDB4500094E3C /* Debug */ = {
			isa = XCBuildConfiguration;
			buildSettings = {
				ALWAYS_SEARCH_USER_PATHS = NO;
				CLANG_CXX_LANGUAGE_STANDARD = "gnu++0x";
				CLANG_ENABLE_MODULES = YES;
				CLANG_ENABLE_OBJC_ARC = YES;
				CLANG_WARN_BOOL_CONVERSION = YES;
				CLANG_WARN_CONSTANT_CONVERSION = YES;
				CLANG_WARN_DIRECT_OBJC_ISA_USAGE = YES_ERROR;
				CLANG_WARN_EMPTY_BODY = YES;
				CLANG_WARN_ENUM_CONVERSION = YES;
				CLANG_WARN_INT_CONVERSION = YES;
				CLANG_WARN_OBJC_ROOT_CLASS = YES_ERROR;
				CLANG_WARN_SUSPICIOUS_IMPLICIT_CONVERSION = YES;
				CLANG_WARN_UNREACHABLE_CODE = YES;
				CLANG_WARN__DUPLICATE_METHOD_MATCH = YES;
				"CODE_SIGN_IDENTITY[sdk=iphoneos*]" = "iPhone Developer";
				COPY_PHASE_STRIP = NO;
				ENABLE_STRICT_OBJC_MSGSEND = YES;
				GCC_C_LANGUAGE_STANDARD = gnu99;
				GCC_DYNAMIC_NO_PIC = NO;
				GCC_OPTIMIZATION_LEVEL = 0;
				GCC_PREPROCESSOR_DEFINITIONS = (
					"DEBUG=1",
					"$(inherited)",
				);
				GCC_SYMBOLS_PRIVATE_EXTERN = NO;
				GCC_THUMB_SUPPORT = NO;
				GCC_WARN_64_TO_32_BIT_CONVERSION = YES;
				GCC_WARN_ABOUT_MISSING_FIELD_INITIALIZERS = YES;
				GCC_WARN_ABOUT_RETURN_TYPE = YES_ERROR;
				GCC_WARN_NON_VIRTUAL_DESTRUCTOR = YES;
				GCC_WARN_UNDECLARED_SELECTOR = YES;
				GCC_WARN_UNINITIALIZED_AUTOS = YES_AGGRESSIVE;
				GCC_WARN_UNUSED_FUNCTION = YES;
				GCC_WARN_UNUSED_VARIABLE = YES;
				HEADER_SEARCH_PATHS = (
					"$(inherited)",
					/Applications/Xcode.app/Contents/Developer/Toolchains/XcodeDefault.xctoolchain/usr/include,
				);
				IPHONEOS_DEPLOYMENT_TARGET = 8.1;
				MTL_ENABLE_DEBUG_INFO = YES;
				ONLY_ACTIVE_ARCH = YES;
				OTHER_CFLAGS = "-Wextra";
				SDKROOT = iphoneos;
				SWIFT_OPTIMIZATION_LEVEL = "-Onone";
				TARGETED_DEVICE_FAMILY = 2;
				USER_HEADER_SEARCH_PATHS = "$(SRCROOT)/TelegraphKit/TelegraphKit/**";
			};
			name = Debug;
		};
		887A2CE01A0BDB4500094E3C /* Release */ = {
			isa = XCBuildConfiguration;
			buildSettings = {
				ALWAYS_SEARCH_USER_PATHS = NO;
				CLANG_CXX_LANGUAGE_STANDARD = "gnu++0x";
				CLANG_ENABLE_MODULES = YES;
				CLANG_ENABLE_OBJC_ARC = YES;
				CLANG_WARN_BOOL_CONVERSION = YES;
				CLANG_WARN_CONSTANT_CONVERSION = YES;
				CLANG_WARN_DIRECT_OBJC_ISA_USAGE = YES_ERROR;
				CLANG_WARN_EMPTY_BODY = YES;
				CLANG_WARN_ENUM_CONVERSION = YES;
				CLANG_WARN_INT_CONVERSION = YES;
				CLANG_WARN_OBJC_ROOT_CLASS = YES_ERROR;
				CLANG_WARN_SUSPICIOUS_IMPLICIT_CONVERSION = YES;
				CLANG_WARN_UNREACHABLE_CODE = YES;
				CLANG_WARN__DUPLICATE_METHOD_MATCH = YES;
				"CODE_SIGN_IDENTITY[sdk=iphoneos*]" = "iPhone Developer";
				COPY_PHASE_STRIP = YES;
				ENABLE_NS_ASSERTIONS = NO;
				ENABLE_STRICT_OBJC_MSGSEND = YES;
				GCC_C_LANGUAGE_STANDARD = gnu99;
				GCC_THUMB_SUPPORT = NO;
				GCC_WARN_64_TO_32_BIT_CONVERSION = YES;
				GCC_WARN_ABOUT_MISSING_FIELD_INITIALIZERS = YES;
				GCC_WARN_ABOUT_RETURN_TYPE = YES_ERROR;
				GCC_WARN_NON_VIRTUAL_DESTRUCTOR = YES;
				GCC_WARN_UNDECLARED_SELECTOR = YES;
				GCC_WARN_UNINITIALIZED_AUTOS = YES_AGGRESSIVE;
				GCC_WARN_UNUSED_FUNCTION = YES;
				GCC_WARN_UNUSED_VARIABLE = YES;
				HEADER_SEARCH_PATHS = (
					"$(inherited)",
					/Applications/Xcode.app/Contents/Developer/Toolchains/XcodeDefault.xctoolchain/usr/include,
				);
				IPHONEOS_DEPLOYMENT_TARGET = 8.1;
				MTL_ENABLE_DEBUG_INFO = NO;
				OTHER_CFLAGS = "-DNS_BLOCK_ASSERTIONS";
				SDKROOT = iphoneos;
				TARGETED_DEVICE_FAMILY = 2;
				USER_HEADER_SEARCH_PATHS = "$(SRCROOT)/TelegraphKit/TelegraphKit/**";
				VALIDATE_PRODUCT = YES;
			};
			name = Release;
		};
		887A2CE21A0BDB4500094E3C /* Debug */ = {
			isa = XCBuildConfiguration;
			baseConfigurationReference = EBBEC700B4B03A0A9AB3CD8F /* Pods.debug.xcconfig */;
			buildSettings = {
				ASSETCATALOG_COMPILER_APPICON_NAME = AppIcon;
				CLANG_ENABLE_MODULES = YES;
				INFOPLIST_FILE = EyeTypeChat/Info.plist;
				IPHONEOS_DEPLOYMENT_TARGET = 7.1;
				LD_RUNPATH_SEARCH_PATHS = "$(inherited) @executable_path/Frameworks";
				PRODUCT_NAME = "$(TARGET_NAME)";
				SWIFT_OBJC_BRIDGING_HEADER = "EyeTypeChat/EyeTypeChat-Bridging-Header.h";
				SWIFT_OPTIMIZATION_LEVEL = "-Onone";
			};
			name = Debug;
		};
		887A2CE31A0BDB4500094E3C /* Release */ = {
			isa = XCBuildConfiguration;
			baseConfigurationReference = EB9850928605DEA320DC148E /* Pods.release.xcconfig */;
			buildSettings = {
				ASSETCATALOG_COMPILER_APPICON_NAME = AppIcon;
				CLANG_ENABLE_MODULES = YES;
				INFOPLIST_FILE = EyeTypeChat/Info.plist;
				IPHONEOS_DEPLOYMENT_TARGET = 7.1;
				LD_RUNPATH_SEARCH_PATHS = "$(inherited) @executable_path/Frameworks";
				PRODUCT_NAME = "$(TARGET_NAME)";
				SWIFT_OBJC_BRIDGING_HEADER = "EyeTypeChat/EyeTypeChat-Bridging-Header.h";
			};
			name = Release;
		};
		887A2CE51A0BDB4500094E3C /* Debug */ = {
			isa = XCBuildConfiguration;
			buildSettings = {
				BUNDLE_LOADER = "$(TEST_HOST)";
				FRAMEWORK_SEARCH_PATHS = (
					"$(SDKROOT)/Developer/Library/Frameworks",
					"$(inherited)",
				);
				GCC_PREPROCESSOR_DEFINITIONS = (
					"DEBUG=1",
					"$(inherited)",
				);
				INFOPLIST_FILE = EyeTypeChatTests/Info.plist;
				LD_RUNPATH_SEARCH_PATHS = "$(inherited) @executable_path/Frameworks @loader_path/Frameworks";
				PRODUCT_NAME = "$(TARGET_NAME)";
				TEST_HOST = "$(BUILT_PRODUCTS_DIR)/EyeTypeChat.app/EyeTypeChat";
			};
			name = Debug;
		};
		887A2CE61A0BDB4500094E3C /* Release */ = {
			isa = XCBuildConfiguration;
			buildSettings = {
				BUNDLE_LOADER = "$(TEST_HOST)";
				FRAMEWORK_SEARCH_PATHS = (
					"$(SDKROOT)/Developer/Library/Frameworks",
					"$(inherited)",
				);
				INFOPLIST_FILE = EyeTypeChatTests/Info.plist;
				LD_RUNPATH_SEARCH_PATHS = "$(inherited) @executable_path/Frameworks @loader_path/Frameworks";
				PRODUCT_NAME = "$(TARGET_NAME)";
				TEST_HOST = "$(BUILT_PRODUCTS_DIR)/EyeTypeChat.app/EyeTypeChat";
			};
			name = Release;
		};
/* End XCBuildConfiguration section */

/* Begin XCConfigurationList section */
		887A2CBA1A0BDB4500094E3C /* Build configuration list for PBXProject "EyeTypeChat" */ = {
			isa = XCConfigurationList;
			buildConfigurations = (
				887A2CDF1A0BDB4500094E3C /* Debug */,
				887A2CE01A0BDB4500094E3C /* Release */,
			);
			defaultConfigurationIsVisible = 0;
			defaultConfigurationName = Release;
		};
		887A2CE11A0BDB4500094E3C /* Build configuration list for PBXNativeTarget "EyeTypeChat" */ = {
			isa = XCConfigurationList;
			buildConfigurations = (
				887A2CE21A0BDB4500094E3C /* Debug */,
				887A2CE31A0BDB4500094E3C /* Release */,
			);
			defaultConfigurationIsVisible = 0;
			defaultConfigurationName = Release;
		};
		887A2CE41A0BDB4500094E3C /* Build configuration list for PBXNativeTarget "EyeTypeChatTests" */ = {
			isa = XCConfigurationList;
			buildConfigurations = (
				887A2CE51A0BDB4500094E3C /* Debug */,
				887A2CE61A0BDB4500094E3C /* Release */,
			);
			defaultConfigurationIsVisible = 0;
			defaultConfigurationName = Release;
		};
/* End XCConfigurationList section */

/* Begin XCVersionGroup section */
		887A2CC61A0BDB4500094E3C /* EyeTypeChat.xcdatamodeld */ = {
			isa = XCVersionGroup;
			children = (
				887A2CC71A0BDB4500094E3C /* EyeTypeChat.xcdatamodel */,
			);
			currentVersion = 887A2CC71A0BDB4500094E3C /* EyeTypeChat.xcdatamodel */;
			path = EyeTypeChat.xcdatamodeld;
			sourceTree = "<group>";
			versionGroupType = wrapper.xcdatamodel;
		};
/* End XCVersionGroup section */
	};
	rootObject = 887A2CB71A0BDB4400094E3C /* Project object */;
}
